
Microsoft Visual Studio Solution File, Format Version 12.00
# Visual Studio Version 17
VisualStudioVersion = 17.13.35723.152
MinimumVisualStudioVersion = 10.0.40219.1
Project("{2150E333-8FDC-42A3-9474-1A3956D46DE8}") = "src", "src", "{02EA681E-C7D8-13C7-8484-4AC65E1B71E8}"
EndProject
Project("{2150E333-8FDC-42A3-9474-1A3956D46DE8}") = "tests", "tests", "{2982A410-EF3C-476F-99E2-98AFE61074C0}"
EndProject
Project("{FAE04EC0-301F-11D3-BF4B-00C04F79EFBC}") = "GauntletExchange.Clients", "src\GauntletExchange.Clients\GauntletExchange.Clients.csproj", "{AEB4F8AF-A1B1-40EE-A479-4E3C8AC125A8}"
EndProject
Project("{FAE04EC0-301F-11D3-BF4B-00C04F79EFBC}") = "GauntletExchange.Web.UnitTests", "tests\GauntletExchange.Web.UnitTests\GauntletExchange.Web.UnitTests.csproj", "{F949C811-BA40-45C2-9289-9FE3178FC307}"
EndProject
Project("{FAE04EC0-301F-11D3-BF4B-00C04F79EFBC}") = "GauntletExchange.Web", "src\GauntletExchange.Web\GauntletExchange.Web.csproj", "{D9A0F96C-520F-457C-8790-DA57A54D93BA}"
EndProject
Global
	GlobalSection(SolutionConfigurationPlatforms) = preSolution
		Debug|Any CPU = Debug|Any CPU
		Release|Any CPU = Release|Any CPU
	EndGlobalSection
	GlobalSection(ProjectConfigurationPlatforms) = postSolution
		{AEB4F8AF-A1B1-40EE-A479-4E3C8AC125A8}.Debug|Any CPU.ActiveCfg = Debug|Any CPU
		{AEB4F8AF-A1B1-40EE-A479-4E3C8AC125A8}.Debug|Any CPU.Build.0 = Debug|Any CPU
		{AEB4F8AF-A1B1-40EE-A479-4E3C8AC125A8}.Debug|Any CPU.Deploy.0 = Debug|Any CPU
		{AEB4F8AF-A1B1-40EE-A479-4E3C8AC125A8}.Release|Any CPU.ActiveCfg = Release|Any CPU
		{AEB4F8AF-A1B1-40EE-A479-4E3C8AC125A8}.Release|Any CPU.Build.0 = Release|Any CPU
		{F949C811-BA40-45C2-9289-9FE3178FC307}.Debug|Any CPU.ActiveCfg = Debug|Any CPU
		{F949C811-BA40-45C2-9289-9FE3178FC307}.Debug|Any CPU.Build.0 = Debug|Any CPU
		{F949C811-BA40-45C2-9289-9FE3178FC307}.Release|Any CPU.ActiveCfg = Release|Any CPU
		{F949C811-BA40-45C2-9289-9FE3178FC307}.Release|Any CPU.Build.0 = Release|Any CPU
		{D9A0F96C-520F-457C-8790-DA57A54D93BA}.Debug|Any CPU.ActiveCfg = Debug|Any CPU
		{D9A0F96C-520F-457C-8790-DA57A54D93BA}.Debug|Any CPU.Build.0 = Debug|Any CPU
		{D9A0F96C-520F-457C-8790-DA57A54D93BA}.Release|Any CPU.ActiveCfg = Release|Any CPU
		{D9A0F96C-520F-457C-8790-DA57A54D93BA}.Release|Any CPU.Build.0 = Release|Any CPU
	EndGlobalSection
	GlobalSection(SolutionProperties) = preSolution
		HideSolutionNode = FALSE
	EndGlobalSection
	GlobalSection(NestedProjects) = preSolution
		{AEB4F8AF-A1B1-40EE-A479-4E3C8AC125A8} = {02EA681E-C7D8-13C7-8484-4AC65E1B71E8}
		{F949C811-BA40-45C2-9289-9FE3178FC307} = {2982A410-EF3C-476F-99E2-98AFE61074C0}
		{D9A0F96C-520F-457C-8790-DA57A54D93BA} = {02EA681E-C7D8-13C7-8484-4AC65E1B71E8}
	EndGlobalSection
	GlobalSection(ExtensibilityGlobals) = postSolution
		SolutionGuid = {A6E90202-264B-4A8E-80AF-2666ED2C8660}
	EndGlobalSection
EndGlobal
